// !$*UTF8*$!
{
	archiveVersion = 1;
	classes = {
	};
	objectVersion = 50;
	objects = {

/* Begin PBXBuildFile section */
		082ABD2A22D7822600B5F6C6 /* SessionManager.swift in Sources */ = {isa = PBXBuildFile; fileRef = 082ABD2922D7822600B5F6C6 /* SessionManager.swift */; };
		ECFCEFD722D728A700CF9154 /* AppDelegate.swift in Sources */ = {isa = PBXBuildFile; fileRef = ECFCEFD622D728A700CF9154 /* AppDelegate.swift */; };
		ECFCEFD922D728A700CF9154 /* ViewController.swift in Sources */ = {isa = PBXBuildFile; fileRef = ECFCEFD822D728A700CF9154 /* ViewController.swift */; };
		ECFCEFDC22D728A700CF9154 /* Main.storyboard in Resources */ = {isa = PBXBuildFile; fileRef = ECFCEFDA22D728A700CF9154 /* Main.storyboard */; };
		ECFCEFDE22D728A800CF9154 /* Assets.xcassets in Resources */ = {isa = PBXBuildFile; fileRef = ECFCEFDD22D728A800CF9154 /* Assets.xcassets */; };
		ECFCEFE122D728A800CF9154 /* LaunchScreen.storyboard in Resources */ = {isa = PBXBuildFile; fileRef = ECFCEFDF22D728A800CF9154 /* LaunchScreen.storyboard */; };
		ECFCEFEC22D728A800CF9154 /* LetsPlayTests.swift in Sources */ = {isa = PBXBuildFile; fileRef = ECFCEFEB22D728A800CF9154 /* LetsPlayTests.swift */; };
		ECFCEFF722D728A800CF9154 /* LetsPlayUITests.swift in Sources */ = {isa = PBXBuildFile; fileRef = ECFCEFF622D728A800CF9154 /* LetsPlayUITests.swift */; };
		ECFCEFFC22D728A800CF9154 /* LetsPlay WatchKit App.app in Embed Watch Content */ = {isa = PBXBuildFile; fileRef = ECFCEFFB22D728A800CF9154 /* LetsPlay WatchKit App.app */; };
		ECFCF00222D728A800CF9154 /* Interface.storyboard in Resources */ = {isa = PBXBuildFile; fileRef = ECFCF00022D728A800CF9154 /* Interface.storyboard */; };
		ECFCF00422D728A800CF9154 /* Assets.xcassets in Resources */ = {isa = PBXBuildFile; fileRef = ECFCF00322D728A800CF9154 /* Assets.xcassets */; };
		ECFCF00B22D728A800CF9154 /* LetsPlay WatchKit Extension.appex in Embed App Extensions */ = {isa = PBXBuildFile; fileRef = ECFCF00A22D728A800CF9154 /* LetsPlay WatchKit Extension.appex */; settings = {ATTRIBUTES = (RemoveHeadersOnCopy, ); }; };
		ECFCF01022D728A800CF9154 /* InterfaceController.swift in Sources */ = {isa = PBXBuildFile; fileRef = ECFCF00F22D728A800CF9154 /* InterfaceController.swift */; };
		ECFCF01222D728A800CF9154 /* ExtensionDelegate.swift in Sources */ = {isa = PBXBuildFile; fileRef = ECFCF01122D728A800CF9154 /* ExtensionDelegate.swift */; };
		ECFCF01422D728A800CF9154 /* NotificationController.swift in Sources */ = {isa = PBXBuildFile; fileRef = ECFCF01322D728A800CF9154 /* NotificationController.swift */; };
		ECFCF01622D728A900CF9154 /* Assets.xcassets in Resources */ = {isa = PBXBuildFile; fileRef = ECFCF01522D728A900CF9154 /* Assets.xcassets */; };
		ECFCF02D22D7301300CF9154 /* ButtonsViewController.swift in Sources */ = {isa = PBXBuildFile; fileRef = ECFCF02C22D7301300CF9154 /* ButtonsViewController.swift */; };
/* End PBXBuildFile section */

/* Begin PBXContainerItemProxy section */
		ECFCEFE822D728A800CF9154 /* PBXContainerItemProxy */ = {
			isa = PBXContainerItemProxy;
			containerPortal = ECFCEFCB22D728A700CF9154 /* Project object */;
			proxyType = 1;
			remoteGlobalIDString = ECFCEFD222D728A700CF9154;
			remoteInfo = LetsPlay;
		};
		ECFCEFF322D728A800CF9154 /* PBXContainerItemProxy */ = {
			isa = PBXContainerItemProxy;
			containerPortal = ECFCEFCB22D728A700CF9154 /* Project object */;
			proxyType = 1;
			remoteGlobalIDString = ECFCEFD222D728A700CF9154;
			remoteInfo = LetsPlay;
		};
		ECFCEFFD22D728A800CF9154 /* PBXContainerItemProxy */ = {
			isa = PBXContainerItemProxy;
			containerPortal = ECFCEFCB22D728A700CF9154 /* Project object */;
			proxyType = 1;
			remoteGlobalIDString = ECFCEFFA22D728A800CF9154;
			remoteInfo = "LetsPlay WatchKit App";
		};
		ECFCF00C22D728A800CF9154 /* PBXContainerItemProxy */ = {
			isa = PBXContainerItemProxy;
			containerPortal = ECFCEFCB22D728A700CF9154 /* Project object */;
			proxyType = 1;
			remoteGlobalIDString = ECFCF00922D728A800CF9154;
			remoteInfo = "LetsPlay WatchKit Extension";
		};
/* End PBXContainerItemProxy section */

/* Begin PBXCopyFilesBuildPhase section */
		ECFCF01E22D728A900CF9154 /* Embed App Extensions */ = {
			isa = PBXCopyFilesBuildPhase;
			buildActionMask = 2147483647;
			dstPath = "";
			dstSubfolderSpec = 13;
			files = (
				ECFCF00B22D728A800CF9154 /* LetsPlay WatchKit Extension.appex in Embed App Extensions */,
			);
			name = "Embed App Extensions";
			runOnlyForDeploymentPostprocessing = 0;
		};
		ECFCF02222D728A900CF9154 /* Embed Watch Content */ = {
			isa = PBXCopyFilesBuildPhase;
			buildActionMask = 2147483647;
			dstPath = "$(CONTENTS_FOLDER_PATH)/Watch";
			dstSubfolderSpec = 16;
			files = (
				ECFCEFFC22D728A800CF9154 /* LetsPlay WatchKit App.app in Embed Watch Content */,
			);
			name = "Embed Watch Content";
			runOnlyForDeploymentPostprocessing = 0;
		};
/* End PBXCopyFilesBuildPhase section */

/* Begin PBXFileReference section */
		082ABD2922D7822600B5F6C6 /* SessionManager.swift */ = {isa = PBXFileReference; fileEncoding = 4; lastKnownFileType = sourcecode.swift; name = SessionManager.swift; path = "../../iGuitar/iGuitar WatchKit Extension/SessionManager.swift"; sourceTree = "<group>"; };
		ECFCEFD322D728A700CF9154 /* LetsPlay.app */ = {isa = PBXFileReference; explicitFileType = wrapper.application; includeInIndex = 0; path = LetsPlay.app; sourceTree = BUILT_PRODUCTS_DIR; };
		ECFCEFD622D728A700CF9154 /* AppDelegate.swift */ = {isa = PBXFileReference; lastKnownFileType = sourcecode.swift; path = AppDelegate.swift; sourceTree = "<group>"; };
		ECFCEFD822D728A700CF9154 /* ViewController.swift */ = {isa = PBXFileReference; lastKnownFileType = sourcecode.swift; path = ViewController.swift; sourceTree = "<group>"; };
		ECFCEFDB22D728A700CF9154 /* Base */ = {isa = PBXFileReference; lastKnownFileType = file.storyboard; name = Base; path = Base.lproj/Main.storyboard; sourceTree = "<group>"; };
		ECFCEFDD22D728A800CF9154 /* Assets.xcassets */ = {isa = PBXFileReference; lastKnownFileType = folder.assetcatalog; path = Assets.xcassets; sourceTree = "<group>"; };
		ECFCEFE022D728A800CF9154 /* Base */ = {isa = PBXFileReference; lastKnownFileType = file.storyboard; name = Base; path = Base.lproj/LaunchScreen.storyboard; sourceTree = "<group>"; };
		ECFCEFE222D728A800CF9154 /* Info.plist */ = {isa = PBXFileReference; lastKnownFileType = text.plist.xml; path = Info.plist; sourceTree = "<group>"; };
		ECFCEFE722D728A800CF9154 /* LetsPlayTests.xctest */ = {isa = PBXFileReference; explicitFileType = wrapper.cfbundle; includeInIndex = 0; path = LetsPlayTests.xctest; sourceTree = BUILT_PRODUCTS_DIR; };
		ECFCEFEB22D728A800CF9154 /* LetsPlayTests.swift */ = {isa = PBXFileReference; lastKnownFileType = sourcecode.swift; path = LetsPlayTests.swift; sourceTree = "<group>"; };
		ECFCEFED22D728A800CF9154 /* Info.plist */ = {isa = PBXFileReference; lastKnownFileType = text.plist.xml; path = Info.plist; sourceTree = "<group>"; };
		ECFCEFF222D728A800CF9154 /* LetsPlayUITests.xctest */ = {isa = PBXFileReference; explicitFileType = wrapper.cfbundle; includeInIndex = 0; path = LetsPlayUITests.xctest; sourceTree = BUILT_PRODUCTS_DIR; };
		ECFCEFF622D728A800CF9154 /* LetsPlayUITests.swift */ = {isa = PBXFileReference; lastKnownFileType = sourcecode.swift; path = LetsPlayUITests.swift; sourceTree = "<group>"; };
		ECFCEFF822D728A800CF9154 /* Info.plist */ = {isa = PBXFileReference; lastKnownFileType = text.plist.xml; path = Info.plist; sourceTree = "<group>"; };
		ECFCEFFB22D728A800CF9154 /* LetsPlay WatchKit App.app */ = {isa = PBXFileReference; explicitFileType = wrapper.application; includeInIndex = 0; path = "LetsPlay WatchKit App.app"; sourceTree = BUILT_PRODUCTS_DIR; };
		ECFCF00122D728A800CF9154 /* Base */ = {isa = PBXFileReference; lastKnownFileType = file.storyboard; name = Base; path = Base.lproj/Interface.storyboard; sourceTree = "<group>"; };
		ECFCF00322D728A800CF9154 /* Assets.xcassets */ = {isa = PBXFileReference; lastKnownFileType = folder.assetcatalog; path = Assets.xcassets; sourceTree = "<group>"; };
		ECFCF00522D728A800CF9154 /* Info.plist */ = {isa = PBXFileReference; lastKnownFileType = text.plist.xml; path = Info.plist; sourceTree = "<group>"; };
		ECFCF00A22D728A800CF9154 /* LetsPlay WatchKit Extension.appex */ = {isa = PBXFileReference; explicitFileType = "wrapper.app-extension"; includeInIndex = 0; path = "LetsPlay WatchKit Extension.appex"; sourceTree = BUILT_PRODUCTS_DIR; };
		ECFCF00F22D728A800CF9154 /* InterfaceController.swift */ = {isa = PBXFileReference; lastKnownFileType = sourcecode.swift; path = InterfaceController.swift; sourceTree = "<group>"; };
		ECFCF01122D728A800CF9154 /* ExtensionDelegate.swift */ = {isa = PBXFileReference; lastKnownFileType = sourcecode.swift; path = ExtensionDelegate.swift; sourceTree = "<group>"; };
		ECFCF01322D728A800CF9154 /* NotificationController.swift */ = {isa = PBXFileReference; lastKnownFileType = sourcecode.swift; path = NotificationController.swift; sourceTree = "<group>"; };
		ECFCF01522D728A900CF9154 /* Assets.xcassets */ = {isa = PBXFileReference; lastKnownFileType = folder.assetcatalog; path = Assets.xcassets; sourceTree = "<group>"; };
		ECFCF01722D728A900CF9154 /* Info.plist */ = {isa = PBXFileReference; lastKnownFileType = text.plist.xml; path = Info.plist; sourceTree = "<group>"; };
		ECFCF01822D728A900CF9154 /* PushNotificationPayload.apns */ = {isa = PBXFileReference; lastKnownFileType = text; path = PushNotificationPayload.apns; sourceTree = "<group>"; };
		ECFCF02C22D7301300CF9154 /* ButtonsViewController.swift */ = {isa = PBXFileReference; lastKnownFileType = sourcecode.swift; path = ButtonsViewController.swift; sourceTree = "<group>"; };
/* End PBXFileReference section */

/* Begin PBXFrameworksBuildPhase section */
		ECFCEFD022D728A700CF9154 /* Frameworks */ = {
			isa = PBXFrameworksBuildPhase;
			buildActionMask = 2147483647;
			files = (
			);
			runOnlyForDeploymentPostprocessing = 0;
		};
		ECFCEFE422D728A800CF9154 /* Frameworks */ = {
			isa = PBXFrameworksBuildPhase;
			buildActionMask = 2147483647;
			files = (
			);
			runOnlyForDeploymentPostprocessing = 0;
		};
		ECFCEFEF22D728A800CF9154 /* Frameworks */ = {
			isa = PBXFrameworksBuildPhase;
			buildActionMask = 2147483647;
			files = (
			);
			runOnlyForDeploymentPostprocessing = 0;
		};
		ECFCF00722D728A800CF9154 /* Frameworks */ = {
			isa = PBXFrameworksBuildPhase;
			buildActionMask = 2147483647;
			files = (
			);
			runOnlyForDeploymentPostprocessing = 0;
		};
/* End PBXFrameworksBuildPhase section */

/* Begin PBXGroup section */
		ECFCEFCA22D728A700CF9154 = {
			isa = PBXGroup;
			children = (
				ECFCEFD522D728A700CF9154 /* LetsPlay */,
				ECFCEFEA22D728A800CF9154 /* LetsPlayTests */,
				ECFCEFF522D728A800CF9154 /* LetsPlayUITests */,
				ECFCEFFF22D728A800CF9154 /* LetsPlay WatchKit App */,
				ECFCF00E22D728A800CF9154 /* LetsPlay WatchKit Extension */,
				ECFCEFD422D728A700CF9154 /* Products */,
			);
			sourceTree = "<group>";
		};
		ECFCEFD422D728A700CF9154 /* Products */ = {
			isa = PBXGroup;
			children = (
				ECFCEFD322D728A700CF9154 /* LetsPlay.app */,
				ECFCEFE722D728A800CF9154 /* LetsPlayTests.xctest */,
				ECFCEFF222D728A800CF9154 /* LetsPlayUITests.xctest */,
				ECFCEFFB22D728A800CF9154 /* LetsPlay WatchKit App.app */,
				ECFCF00A22D728A800CF9154 /* LetsPlay WatchKit Extension.appex */,
			);
			name = Products;
			sourceTree = "<group>";
		};
		ECFCEFD522D728A700CF9154 /* LetsPlay */ = {
			isa = PBXGroup;
			children = (
				ECFCEFD622D728A700CF9154 /* AppDelegate.swift */,
				ECFCEFD822D728A700CF9154 /* ViewController.swift */,
				ECFCEFDA22D728A700CF9154 /* Main.storyboard */,
				ECFCEFDD22D728A800CF9154 /* Assets.xcassets */,
				ECFCEFDF22D728A800CF9154 /* LaunchScreen.storyboard */,
				ECFCEFE222D728A800CF9154 /* Info.plist */,
				ECFCF02C22D7301300CF9154 /* ButtonsViewController.swift */,
			);
			path = LetsPlay;
			sourceTree = "<group>";
		};
		ECFCEFEA22D728A800CF9154 /* LetsPlayTests */ = {
			isa = PBXGroup;
			children = (
				ECFCEFEB22D728A800CF9154 /* LetsPlayTests.swift */,
				ECFCEFED22D728A800CF9154 /* Info.plist */,
			);
			path = LetsPlayTests;
			sourceTree = "<group>";
		};
		ECFCEFF522D728A800CF9154 /* LetsPlayUITests */ = {
			isa = PBXGroup;
			children = (
				ECFCEFF622D728A800CF9154 /* LetsPlayUITests.swift */,
				ECFCEFF822D728A800CF9154 /* Info.plist */,
			);
			path = LetsPlayUITests;
			sourceTree = "<group>";
		};
		ECFCEFFF22D728A800CF9154 /* LetsPlay WatchKit App */ = {
			isa = PBXGroup;
			children = (
				ECFCF00022D728A800CF9154 /* Interface.storyboard */,
				ECFCF00322D728A800CF9154 /* Assets.xcassets */,
				ECFCF00522D728A800CF9154 /* Info.plist */,
			);
			path = "LetsPlay WatchKit App";
			sourceTree = "<group>";
		};
		ECFCF00E22D728A800CF9154 /* LetsPlay WatchKit Extension */ = {
			isa = PBXGroup;
			children = (
				082ABD2922D7822600B5F6C6 /* SessionManager.swift */,
				ECFCF00F22D728A800CF9154 /* InterfaceController.swift */,
				ECFCF01122D728A800CF9154 /* ExtensionDelegate.swift */,
				ECFCF01322D728A800CF9154 /* NotificationController.swift */,
				ECFCF01522D728A900CF9154 /* Assets.xcassets */,
				ECFCF01722D728A900CF9154 /* Info.plist */,
				ECFCF01822D728A900CF9154 /* PushNotificationPayload.apns */,
			);
			path = "LetsPlay WatchKit Extension";
			sourceTree = "<group>";
		};
/* End PBXGroup section */

/* Begin PBXNativeTarget section */
		ECFCEFD222D728A700CF9154 /* LetsPlay */ = {
			isa = PBXNativeTarget;
			buildConfigurationList = ECFCF02322D728A900CF9154 /* Build configuration list for PBXNativeTarget "LetsPlay" */;
			buildPhases = (
				ECFCEFCF22D728A700CF9154 /* Sources */,
				ECFCEFD022D728A700CF9154 /* Frameworks */,
				ECFCEFD122D728A700CF9154 /* Resources */,
				ECFCF02222D728A900CF9154 /* Embed Watch Content */,
			);
			buildRules = (
			);
			dependencies = (
				ECFCEFFE22D728A800CF9154 /* PBXTargetDependency */,
			);
			name = LetsPlay;
			productName = LetsPlay;
			productReference = ECFCEFD322D728A700CF9154 /* LetsPlay.app */;
			productType = "com.apple.product-type.application";
		};
		ECFCEFE622D728A800CF9154 /* LetsPlayTests */ = {
			isa = PBXNativeTarget;
			buildConfigurationList = ECFCF02622D728A900CF9154 /* Build configuration list for PBXNativeTarget "LetsPlayTests" */;
			buildPhases = (
				ECFCEFE322D728A800CF9154 /* Sources */,
				ECFCEFE422D728A800CF9154 /* Frameworks */,
				ECFCEFE522D728A800CF9154 /* Resources */,
			);
			buildRules = (
			);
			dependencies = (
				ECFCEFE922D728A800CF9154 /* PBXTargetDependency */,
			);
			name = LetsPlayTests;
			productName = LetsPlayTests;
			productReference = ECFCEFE722D728A800CF9154 /* LetsPlayTests.xctest */;
			productType = "com.apple.product-type.bundle.unit-test";
		};
		ECFCEFF122D728A800CF9154 /* LetsPlayUITests */ = {
			isa = PBXNativeTarget;
			buildConfigurationList = ECFCF02922D728A900CF9154 /* Build configuration list for PBXNativeTarget "LetsPlayUITests" */;
			buildPhases = (
				ECFCEFEE22D728A800CF9154 /* Sources */,
				ECFCEFEF22D728A800CF9154 /* Frameworks */,
				ECFCEFF022D728A800CF9154 /* Resources */,
			);
			buildRules = (
			);
			dependencies = (
				ECFCEFF422D728A800CF9154 /* PBXTargetDependency */,
			);
			name = LetsPlayUITests;
			productName = LetsPlayUITests;
			productReference = ECFCEFF222D728A800CF9154 /* LetsPlayUITests.xctest */;
			productType = "com.apple.product-type.bundle.ui-testing";
		};
		ECFCEFFA22D728A800CF9154 /* LetsPlay WatchKit App */ = {
			isa = PBXNativeTarget;
			buildConfigurationList = ECFCF01F22D728A900CF9154 /* Build configuration list for PBXNativeTarget "LetsPlay WatchKit App" */;
			buildPhases = (
				ECFCEFF922D728A800CF9154 /* Resources */,
				ECFCF01E22D728A900CF9154 /* Embed App Extensions */,
			);
			buildRules = (
			);
			dependencies = (
				ECFCF00D22D728A800CF9154 /* PBXTargetDependency */,
			);
			name = "LetsPlay WatchKit App";
			productName = "LetsPlay WatchKit App";
			productReference = ECFCEFFB22D728A800CF9154 /* LetsPlay WatchKit App.app */;
			productType = "com.apple.product-type.application.watchapp2";
		};
		ECFCF00922D728A800CF9154 /* LetsPlay WatchKit Extension */ = {
			isa = PBXNativeTarget;
			buildConfigurationList = ECFCF01B22D728A900CF9154 /* Build configuration list for PBXNativeTarget "LetsPlay WatchKit Extension" */;
			buildPhases = (
				ECFCF00622D728A800CF9154 /* Sources */,
				ECFCF00722D728A800CF9154 /* Frameworks */,
				ECFCF00822D728A800CF9154 /* Resources */,
			);
			buildRules = (
			);
			dependencies = (
			);
			name = "LetsPlay WatchKit Extension";
			productName = "LetsPlay WatchKit Extension";
			productReference = ECFCF00A22D728A800CF9154 /* LetsPlay WatchKit Extension.appex */;
			productType = "com.apple.product-type.watchkit2-extension";
		};
/* End PBXNativeTarget section */

/* Begin PBXProject section */
		ECFCEFCB22D728A700CF9154 /* Project object */ = {
			isa = PBXProject;
			attributes = {
				LastSwiftUpdateCheck = 1020;
				LastUpgradeCheck = 1020;
				ORGANIZATIONNAME = "Francesco Chiarello";
				TargetAttributes = {
					ECFCEFD222D728A700CF9154 = {
						CreatedOnToolsVersion = 10.2.1;
					};
					ECFCEFE622D728A800CF9154 = {
						CreatedOnToolsVersion = 10.2.1;
						TestTargetID = ECFCEFD222D728A700CF9154;
					};
					ECFCEFF122D728A800CF9154 = {
						CreatedOnToolsVersion = 10.2.1;
						TestTargetID = ECFCEFD222D728A700CF9154;
					};
					ECFCEFFA22D728A800CF9154 = {
						CreatedOnToolsVersion = 10.2.1;
					};
					ECFCF00922D728A800CF9154 = {
						CreatedOnToolsVersion = 10.2.1;
					};
				};
			};
			buildConfigurationList = ECFCEFCE22D728A700CF9154 /* Build configuration list for PBXProject "LetsPlay" */;
			compatibilityVersion = "Xcode 9.3";
			developmentRegion = en;
			hasScannedForEncodings = 0;
			knownRegions = (
				en,
				Base,
			);
			mainGroup = ECFCEFCA22D728A700CF9154;
			productRefGroup = ECFCEFD422D728A700CF9154 /* Products */;
			projectDirPath = "";
			projectRoot = "";
			targets = (
				ECFCEFD222D728A700CF9154 /* LetsPlay */,
				ECFCEFE622D728A800CF9154 /* LetsPlayTests */,
				ECFCEFF122D728A800CF9154 /* LetsPlayUITests */,
				ECFCEFFA22D728A800CF9154 /* LetsPlay WatchKit App */,
				ECFCF00922D728A800CF9154 /* LetsPlay WatchKit Extension */,
			);
		};
/* End PBXProject section */

/* Begin PBXResourcesBuildPhase section */
		ECFCEFD122D728A700CF9154 /* Resources */ = {
			isa = PBXResourcesBuildPhase;
			buildActionMask = 2147483647;
			files = (
				ECFCEFE122D728A800CF9154 /* LaunchScreen.storyboard in Resources */,
				ECFCEFDE22D728A800CF9154 /* Assets.xcassets in Resources */,
				ECFCEFDC22D728A700CF9154 /* Main.storyboard in Resources */,
			);
			runOnlyForDeploymentPostprocessing = 0;
		};
		ECFCEFE522D728A800CF9154 /* Resources */ = {
			isa = PBXResourcesBuildPhase;
			buildActionMask = 2147483647;
			files = (
			);
			runOnlyForDeploymentPostprocessing = 0;
		};
		ECFCEFF022D728A800CF9154 /* Resources */ = {
			isa = PBXResourcesBuildPhase;
			buildActionMask = 2147483647;
			files = (
			);
			runOnlyForDeploymentPostprocessing = 0;
		};
		ECFCEFF922D728A800CF9154 /* Resources */ = {
			isa = PBXResourcesBuildPhase;
			buildActionMask = 2147483647;
			files = (
				ECFCF00422D728A800CF9154 /* Assets.xcassets in Resources */,
				ECFCF00222D728A800CF9154 /* Interface.storyboard in Resources */,
			);
			runOnlyForDeploymentPostprocessing = 0;
		};
		ECFCF00822D728A800CF9154 /* Resources */ = {
			isa = PBXResourcesBuildPhase;
			buildActionMask = 2147483647;
			files = (
				ECFCF01622D728A900CF9154 /* Assets.xcassets in Resources */,
			);
			runOnlyForDeploymentPostprocessing = 0;
		};
/* End PBXResourcesBuildPhase section */

/* Begin PBXSourcesBuildPhase section */
		ECFCEFCF22D728A700CF9154 /* Sources */ = {
			isa = PBXSourcesBuildPhase;
			buildActionMask = 2147483647;
			files = (
				ECFCEFD922D728A700CF9154 /* ViewController.swift in Sources */,
				ECFCF02D22D7301300CF9154 /* ButtonsViewController.swift in Sources */,
				ECFCEFD722D728A700CF9154 /* AppDelegate.swift in Sources */,
			);
			runOnlyForDeploymentPostprocessing = 0;
		};
		ECFCEFE322D728A800CF9154 /* Sources */ = {
			isa = PBXSourcesBuildPhase;
			buildActionMask = 2147483647;
			files = (
				ECFCEFEC22D728A800CF9154 /* LetsPlayTests.swift in Sources */,
			);
			runOnlyForDeploymentPostprocessing = 0;
		};
		ECFCEFEE22D728A800CF9154 /* Sources */ = {
			isa = PBXSourcesBuildPhase;
			buildActionMask = 2147483647;
			files = (
				ECFCEFF722D728A800CF9154 /* LetsPlayUITests.swift in Sources */,
			);
			runOnlyForDeploymentPostprocessing = 0;
		};
		ECFCF00622D728A800CF9154 /* Sources */ = {
			isa = PBXSourcesBuildPhase;
			buildActionMask = 2147483647;
			files = (
				ECFCF01422D728A800CF9154 /* NotificationController.swift in Sources */,
				ECFCF01222D728A800CF9154 /* ExtensionDelegate.swift in Sources */,
				082ABD2A22D7822600B5F6C6 /* SessionManager.swift in Sources */,
				ECFCF01022D728A800CF9154 /* InterfaceController.swift in Sources */,
			);
			runOnlyForDeploymentPostprocessing = 0;
		};
/* End PBXSourcesBuildPhase section */

/* Begin PBXTargetDependency section */
		ECFCEFE922D728A800CF9154 /* PBXTargetDependency */ = {
			isa = PBXTargetDependency;
			target = ECFCEFD222D728A700CF9154 /* LetsPlay */;
			targetProxy = ECFCEFE822D728A800CF9154 /* PBXContainerItemProxy */;
		};
		ECFCEFF422D728A800CF9154 /* PBXTargetDependency */ = {
			isa = PBXTargetDependency;
			target = ECFCEFD222D728A700CF9154 /* LetsPlay */;
			targetProxy = ECFCEFF322D728A800CF9154 /* PBXContainerItemProxy */;
		};
		ECFCEFFE22D728A800CF9154 /* PBXTargetDependency */ = {
			isa = PBXTargetDependency;
			target = ECFCEFFA22D728A800CF9154 /* LetsPlay WatchKit App */;
			targetProxy = ECFCEFFD22D728A800CF9154 /* PBXContainerItemProxy */;
		};
		ECFCF00D22D728A800CF9154 /* PBXTargetDependency */ = {
			isa = PBXTargetDependency;
			target = ECFCF00922D728A800CF9154 /* LetsPlay WatchKit Extension */;
			targetProxy = ECFCF00C22D728A800CF9154 /* PBXContainerItemProxy */;
		};
/* End PBXTargetDependency section */

/* Begin PBXVariantGroup section */
		ECFCEFDA22D728A700CF9154 /* Main.storyboard */ = {
			isa = PBXVariantGroup;
			children = (
				ECFCEFDB22D728A700CF9154 /* Base */,
			);
			name = Main.storyboard;
			sourceTree = "<group>";
		};
		ECFCEFDF22D728A800CF9154 /* LaunchScreen.storyboard */ = {
			isa = PBXVariantGroup;
			children = (
				ECFCEFE022D728A800CF9154 /* Base */,
			);
			name = LaunchScreen.storyboard;
			sourceTree = "<group>";
		};
		ECFCF00022D728A800CF9154 /* Interface.storyboard */ = {
			isa = PBXVariantGroup;
			children = (
				ECFCF00122D728A800CF9154 /* Base */,
			);
			name = Interface.storyboard;
			sourceTree = "<group>";
		};
/* End PBXVariantGroup section */

/* Begin XCBuildConfiguration section */
		ECFCF01922D728A900CF9154 /* Debug */ = {
			isa = XCBuildConfiguration;
			buildSettings = {
				ALWAYS_SEARCH_USER_PATHS = NO;
				CLANG_ANALYZER_NONNULL = YES;
				CLANG_ANALYZER_NUMBER_OBJECT_CONVERSION = YES_AGGRESSIVE;
				CLANG_CXX_LANGUAGE_STANDARD = "gnu++14";
				CLANG_CXX_LIBRARY = "libc++";
				CLANG_ENABLE_MODULES = YES;
				CLANG_ENABLE_OBJC_ARC = YES;
				CLANG_ENABLE_OBJC_WEAK = YES;
				CLANG_WARN_BLOCK_CAPTURE_AUTORELEASING = YES;
				CLANG_WARN_BOOL_CONVERSION = YES;
				CLANG_WARN_COMMA = YES;
				CLANG_WARN_CONSTANT_CONVERSION = YES;
				CLANG_WARN_DEPRECATED_OBJC_IMPLEMENTATIONS = YES;
				CLANG_WARN_DIRECT_OBJC_ISA_USAGE = YES_ERROR;
				CLANG_WARN_DOCUMENTATION_COMMENTS = YES;
				CLANG_WARN_EMPTY_BODY = YES;
				CLANG_WARN_ENUM_CONVERSION = YES;
				CLANG_WARN_INFINITE_RECURSION = YES;
				CLANG_WARN_INT_CONVERSION = YES;
				CLANG_WARN_NON_LITERAL_NULL_CONVERSION = YES;
				CLANG_WARN_OBJC_IMPLICIT_RETAIN_SELF = YES;
				CLANG_WARN_OBJC_LITERAL_CONVERSION = YES;
				CLANG_WARN_OBJC_ROOT_CLASS = YES_ERROR;
				CLANG_WARN_RANGE_LOOP_ANALYSIS = YES;
				CLANG_WARN_STRICT_PROTOTYPES = YES;
				CLANG_WARN_SUSPICIOUS_MOVE = YES;
				CLANG_WARN_UNGUARDED_AVAILABILITY = YES_AGGRESSIVE;
				CLANG_WARN_UNREACHABLE_CODE = YES;
				CLANG_WARN__DUPLICATE_METHOD_MATCH = YES;
				CODE_SIGN_IDENTITY = "iPhone Developer";
				COPY_PHASE_STRIP = NO;
				DEBUG_INFORMATION_FORMAT = dwarf;
				ENABLE_STRICT_OBJC_MSGSEND = YES;
				ENABLE_TESTABILITY = YES;
				GCC_C_LANGUAGE_STANDARD = gnu11;
				GCC_DYNAMIC_NO_PIC = NO;
				GCC_NO_COMMON_BLOCKS = YES;
				GCC_OPTIMIZATION_LEVEL = 0;
				GCC_PREPROCESSOR_DEFINITIONS = (
					"DEBUG=1",
					"$(inherited)",
				);
				GCC_WARN_64_TO_32_BIT_CONVERSION = YES;
				GCC_WARN_ABOUT_RETURN_TYPE = YES_ERROR;
				GCC_WARN_UNDECLARED_SELECTOR = YES;
				GCC_WARN_UNINITIALIZED_AUTOS = YES_AGGRESSIVE;
				GCC_WARN_UNUSED_FUNCTION = YES;
				GCC_WARN_UNUSED_VARIABLE = YES;
				IPHONEOS_DEPLOYMENT_TARGET = 12.2;
				MTL_ENABLE_DEBUG_INFO = INCLUDE_SOURCE;
				MTL_FAST_MATH = YES;
				ONLY_ACTIVE_ARCH = YES;
				SDKROOT = iphoneos;
				SWIFT_ACTIVE_COMPILATION_CONDITIONS = DEBUG;
				SWIFT_OPTIMIZATION_LEVEL = "-Onone";
			};
			name = Debug;
		};
		ECFCF01A22D728A900CF9154 /* Release */ = {
			isa = XCBuildConfiguration;
			buildSettings = {
				ALWAYS_SEARCH_USER_PATHS = NO;
				CLANG_ANALYZER_NONNULL = YES;
				CLANG_ANALYZER_NUMBER_OBJECT_CONVERSION = YES_AGGRESSIVE;
				CLANG_CXX_LANGUAGE_STANDARD = "gnu++14";
				CLANG_CXX_LIBRARY = "libc++";
				CLANG_ENABLE_MODULES = YES;
				CLANG_ENABLE_OBJC_ARC = YES;
				CLANG_ENABLE_OBJC_WEAK = YES;
				CLANG_WARN_BLOCK_CAPTURE_AUTORELEASING = YES;
				CLANG_WARN_BOOL_CONVERSION = YES;
				CLANG_WARN_COMMA = YES;
				CLANG_WARN_CONSTANT_CONVERSION = YES;
				CLANG_WARN_DEPRECATED_OBJC_IMPLEMENTATIONS = YES;
				CLANG_WARN_DIRECT_OBJC_ISA_USAGE = YES_ERROR;
				CLANG_WARN_DOCUMENTATION_COMMENTS = YES;
				CLANG_WARN_EMPTY_BODY = YES;
				CLANG_WARN_ENUM_CONVERSION = YES;
				CLANG_WARN_INFINITE_RECURSION = YES;
				CLANG_WARN_INT_CONVERSION = YES;
				CLANG_WARN_NON_LITERAL_NULL_CONVERSION = YES;
				CLANG_WARN_OBJC_IMPLICIT_RETAIN_SELF = YES;
				CLANG_WARN_OBJC_LITERAL_CONVERSION = YES;
				CLANG_WARN_OBJC_ROOT_CLASS = YES_ERROR;
				CLANG_WARN_RANGE_LOOP_ANALYSIS = YES;
				CLANG_WARN_STRICT_PROTOTYPES = YES;
				CLANG_WARN_SUSPICIOUS_MOVE = YES;
				CLANG_WARN_UNGUARDED_AVAILABILITY = YES_AGGRESSIVE;
				CLANG_WARN_UNREACHABLE_CODE = YES;
				CLANG_WARN__DUPLICATE_METHOD_MATCH = YES;
				CODE_SIGN_IDENTITY = "iPhone Developer";
				COPY_PHASE_STRIP = NO;
				DEBUG_INFORMATION_FORMAT = "dwarf-with-dsym";
				ENABLE_NS_ASSERTIONS = NO;
				ENABLE_STRICT_OBJC_MSGSEND = YES;
				GCC_C_LANGUAGE_STANDARD = gnu11;
				GCC_NO_COMMON_BLOCKS = YES;
				GCC_WARN_64_TO_32_BIT_CONVERSION = YES;
				GCC_WARN_ABOUT_RETURN_TYPE = YES_ERROR;
				GCC_WARN_UNDECLARED_SELECTOR = YES;
				GCC_WARN_UNINITIALIZED_AUTOS = YES_AGGRESSIVE;
				GCC_WARN_UNUSED_FUNCTION = YES;
				GCC_WARN_UNUSED_VARIABLE = YES;
				IPHONEOS_DEPLOYMENT_TARGET = 12.2;
				MTL_ENABLE_DEBUG_INFO = NO;
				MTL_FAST_MATH = YES;
				SDKROOT = iphoneos;
				SWIFT_COMPILATION_MODE = wholemodule;
				SWIFT_OPTIMIZATION_LEVEL = "-O";
				VALIDATE_PRODUCT = YES;
			};
			name = Release;
		};
		ECFCF01C22D728A900CF9154 /* Debug */ = {
			isa = XCBuildConfiguration;
			buildSettings = {
				ASSETCATALOG_COMPILER_COMPLICATION_NAME = Complication;
				CODE_SIGN_STYLE = Automatic;
				DEVELOPMENT_TEAM = K8WJKQA676;
				INFOPLIST_FILE = "LetsPlay WatchKit Extension/Info.plist";
				LD_RUNPATH_SEARCH_PATHS = (
					"$(inherited)",
					"@executable_path/Frameworks",
					"@executable_path/../../Frameworks",
				);
				PRODUCT_BUNDLE_IDENTIFIER = it.unisa.applefoundationprogram.LetsPlay.watchkitapp.watchkitextension;
				PRODUCT_NAME = "${TARGET_NAME}";
				SDKROOT = watchos;
				SKIP_INSTALL = YES;
				SWIFT_VERSION = 5.0;
				TARGETED_DEVICE_FAMILY = 4;
				WATCHOS_DEPLOYMENT_TARGET = 5.2;
			};
			name = Debug;
		};
		ECFCF01D22D728A900CF9154 /* Release */ = {
			isa = XCBuildConfiguration;
			buildSettings = {
				ASSETCATALOG_COMPILER_COMPLICATION_NAME = Complication;
				CODE_SIGN_STYLE = Automatic;
				DEVELOPMENT_TEAM = K8WJKQA676;
				INFOPLIST_FILE = "LetsPlay WatchKit Extension/Info.plist";
				LD_RUNPATH_SEARCH_PATHS = (
					"$(inherited)",
					"@executable_path/Frameworks",
					"@executable_path/../../Frameworks",
				);
				PRODUCT_BUNDLE_IDENTIFIER = it.unisa.applefoundationprogram.LetsPlay.watchkitapp.watchkitextension;
				PRODUCT_NAME = "${TARGET_NAME}";
				SDKROOT = watchos;
				SKIP_INSTALL = YES;
				SWIFT_VERSION = 5.0;
				TARGETED_DEVICE_FAMILY = 4;
				WATCHOS_DEPLOYMENT_TARGET = 5.2;
			};
			name = Release;
		};
		ECFCF02022D728A900CF9154 /* Debug */ = {
			isa = XCBuildConfiguration;
			buildSettings = {
				ALWAYS_EMBED_SWIFT_STANDARD_LIBRARIES = YES;
				ASSETCATALOG_COMPILER_APPICON_NAME = AppIcon;
				CODE_SIGN_STYLE = Automatic;
				DEVELOPMENT_TEAM = K8WJKQA676;
				IBSC_MODULE = LetsPlay_WatchKit_Extension;
				INFOPLIST_FILE = "LetsPlay WatchKit App/Info.plist";
				PRODUCT_BUNDLE_IDENTIFIER = it.unisa.applefoundationprogram.LetsPlay.watchkitapp;
				PRODUCT_NAME = "$(TARGET_NAME)";
				SDKROOT = watchos;
				SKIP_INSTALL = YES;
				SWIFT_VERSION = 5.0;
				TARGETED_DEVICE_FAMILY = 4;
				WATCHOS_DEPLOYMENT_TARGET = 5.2;
			};
			name = Debug;
		};
		ECFCF02122D728A900CF9154 /* Release */ = {
			isa = XCBuildConfiguration;
			buildSettings = {
				ALWAYS_EMBED_SWIFT_STANDARD_LIBRARIES = YES;
				ASSETCATALOG_COMPILER_APPICON_NAME = AppIcon;
				CODE_SIGN_STYLE = Automatic;
				DEVELOPMENT_TEAM = K8WJKQA676;
				IBSC_MODULE = LetsPlay_WatchKit_Extension;
				INFOPLIST_FILE = "LetsPlay WatchKit App/Info.plist";
				PRODUCT_BUNDLE_IDENTIFIER = it.unisa.applefoundationprogram.LetsPlay.watchkitapp;
				PRODUCT_NAME = "$(TARGET_NAME)";
				SDKROOT = watchos;
				SKIP_INSTALL = YES;
				SWIFT_VERSION = 5.0;
				TARGETED_DEVICE_FAMILY = 4;
				WATCHOS_DEPLOYMENT_TARGET = 5.2;
			};
			name = Release;
		};
		ECFCF02422D728A900CF9154 /* Debug */ = {
			isa = XCBuildConfiguration;
			buildSettings = {
				ASSETCATALOG_COMPILER_APPICON_NAME = AppIcon;
				CODE_SIGN_STYLE = Automatic;
				DEVELOPMENT_TEAM = K8WJKQA676;
				INFOPLIST_FILE = LetsPlay/Info.plist;
				LD_RUNPATH_SEARCH_PATHS = (
					"$(inherited)",
					"@executable_path/Frameworks",
				);
				PRODUCT_BUNDLE_IDENTIFIER = it.unisa.applefoundationprogram.LetsPlay;
				PRODUCT_NAME = "$(TARGET_NAME)";
				SWIFT_VERSION = 5.0;
				TARGETED_DEVICE_FAMILY = "1,2";
			};
			name = Debug;
		};
		ECFCF02522D728A900CF9154 /* Release */ = {
			isa = XCBuildConfiguration;
			buildSettings = {
				ASSETCATALOG_COMPILER_APPICON_NAME = AppIcon;
				CODE_SIGN_STYLE = Automatic;
				DEVELOPMENT_TEAM = K8WJKQA676;
				INFOPLIST_FILE = LetsPlay/Info.plist;
				LD_RUNPATH_SEARCH_PATHS = (
					"$(inherited)",
					"@executable_path/Frameworks",
				);
				PRODUCT_BUNDLE_IDENTIFIER = it.unisa.applefoundationprogram.LetsPlay;
				PRODUCT_NAME = "$(TARGET_NAME)";
				SWIFT_VERSION = 5.0;
				TARGETED_DEVICE_FAMILY = "1,2";
			};
			name = Release;
		};
		ECFCF02722D728A900CF9154 /* Debug */ = {
			isa = XCBuildConfiguration;
			buildSettings = {
				ALWAYS_EMBED_SWIFT_STANDARD_LIBRARIES = YES;
				BUNDLE_LOADER = "$(TEST_HOST)";
				CODE_SIGN_STYLE = Automatic;
				DEVELOPMENT_TEAM = K8WJKQA676;
				INFOPLIST_FILE = LetsPlayTests/Info.plist;
				LD_RUNPATH_SEARCH_PATHS = (
					"$(inherited)",
					"@executable_path/Frameworks",
					"@loader_path/Frameworks",
				);
				PRODUCT_BUNDLE_IDENTIFIER = it.unisa.applefoundationprogram.LetsPlayTests;
				PRODUCT_NAME = "$(TARGET_NAME)";
				SWIFT_VERSION = 5.0;
				TARGETED_DEVICE_FAMILY = "1,2";
				TEST_HOST = "$(BUILT_PRODUCTS_DIR)/LetsPlay.app/LetsPlay";
			};
			name = Debug;
		};
		ECFCF02822D728A900CF9154 /* Release */ = {
			isa = XCBuildConfiguration;
			buildSettings = {
				ALWAYS_EMBED_SWIFT_STANDARD_LIBRARIES = YES;
				BUNDLE_LOADER = "$(TEST_HOST)";
				CODE_SIGN_STYLE = Automatic;
				DEVELOPMENT_TEAM = K8WJKQA676;
				INFOPLIST_FILE = LetsPlayTests/Info.plist;
				LD_RUNPATH_SEARCH_PATHS = (
					"$(inherited)",
					"@executable_path/Frameworks",
					"@loader_path/Frameworks",
				);
				PRODUCT_BUNDLE_IDENTIFIER = it.unisa.applefoundationprogram.LetsPlayTests;
				PRODUCT_NAME = "$(TARGET_NAME)";
				SWIFT_VERSION = 5.0;
				TARGETED_DEVICE_FAMILY = "1,2";
				TEST_HOST = "$(BUILT_PRODUCTS_DIR)/LetsPlay.app/LetsPlay";
			};
			name = Release;
		};
		ECFCF02A22D728A900CF9154 /* Debug */ = {
			isa = XCBuildConfiguration;
			buildSettings = {
				ALWAYS_EMBED_SWIFT_STANDARD_LIBRARIES = YES;
				CODE_SIGN_STYLE = Automatic;
				DEVELOPMENT_TEAM = K8WJKQA676;
				INFOPLIST_FILE = LetsPlayUITests/Info.plist;
				LD_RUNPATH_SEARCH_PATHS = (
					"$(inherited)",
					"@executable_path/Frameworks",
					"@loader_path/Frameworks",
				);
				PRODUCT_BUNDLE_IDENTIFIER = it.unisa.applefoundationprogram.LetsPlayUITests;
				PRODUCT_NAME = "$(TARGET_NAME)";
				SWIFT_VERSION = 5.0;
				TARGETED_DEVICE_FAMILY = "1,2";
				TEST_TARGET_NAME = LetsPlay;
			};
			name = Debug;
		};
		ECFCF02B22D728A900CF9154 /* Release */ = {
			isa = XCBuildConfiguration;
			buildSettings = {
				ALWAYS_EMBED_SWIFT_STANDARD_LIBRARIES = YES;
				CODE_SIGN_STYLE = Automatic;
				DEVELOPMENT_TEAM = K8WJKQA676;
				INFOPLIST_FILE = LetsPlayUITests/Info.plist;
				LD_RUNPATH_SEARCH_PATHS = (
					"$(inherited)",
					"@executable_path/Frameworks",
					"@loader_path/Frameworks",
				);
				PRODUCT_BUNDLE_IDENTIFIER = it.unisa.applefoundationprogram.LetsPlayUITests;
				PRODUCT_NAME = "$(TARGET_NAME)";
				SWIFT_VERSION = 5.0;
				TARGETED_DEVICE_FAMILY = "1,2";
				TEST_TARGET_NAME = LetsPlay;
			};
			name = Release;
		};
/* End XCBuildConfiguration section */

/* Begin XCConfigurationList section */
		ECFCEFCE22D728A700CF9154 /* Build configuration list for PBXProject "LetsPlay" */ = {
			isa = XCConfigurationList;
			buildConfigurations = (
				ECFCF01922D728A900CF9154 /* Debug */,
				ECFCF01A22D728A900CF9154 /* Release */,
			);
			defaultConfigurationIsVisible = 0;
			defaultConfigurationName = Release;
		};
		ECFCF01B22D728A900CF9154 /* Build configuration list for PBXNativeTarget "LetsPlay WatchKit Extension" */ = {
			isa = XCConfigurationList;
			buildConfigurations = (
				ECFCF01C22D728A900CF9154 /* Debug */,
				ECFCF01D22D728A900CF9154 /* Release */,
			);
			defaultConfigurationIsVisible = 0;
			defaultConfigurationName = Release;
		};
		ECFCF01F22D728A900CF9154 /* Build configuration list for PBXNativeTarget "LetsPlay WatchKit App" */ = {
			isa = XCConfigurationList;
			buildConfigurations = (
				ECFCF02022D728A900CF9154 /* Debug */,
				ECFCF02122D728A900CF9154 /* Release */,
			);
			defaultConfigurationIsVisible = 0;
			defaultConfigurationName = Release;
		};
		ECFCF02322D728A900CF9154 /* Build configuration list for PBXNativeTarget "LetsPlay" */ = {
			isa = XCConfigurationList;
			buildConfigurations = (
				ECFCF02422D728A900CF9154 /* Debug */,
				ECFCF02522D728A900CF9154 /* Release */,
			);
			defaultConfigurationIsVisible = 0;
			defaultConfigurationName = Release;
		};
		ECFCF02622D728A900CF9154 /* Build configuration list for PBXNativeTarget "LetsPlayTests" */ = {
			isa = XCConfigurationList;
			buildConfigurations = (
				ECFCF02722D728A900CF9154 /* Debug */,
				ECFCF02822D728A900CF9154 /* Release */,
			);
			defaultConfigurationIsVisible = 0;
			defaultConfigurationName = Release;
		};
		ECFCF02922D728A900CF9154 /* Build configuration list for PBXNativeTarget "LetsPlayUITests" */ = {
			isa = XCConfigurationList;
			buildConfigurations = (
				ECFCF02A22D728A900CF9154 /* Debug */,
				ECFCF02B22D728A900CF9154 /* Release */,
			);
			defaultConfigurationIsVisible = 0;
			defaultConfigurationName = Release;
		};
/* End XCConfigurationList section */
	};
	rootObject = ECFCEFCB22D728A700CF9154 /* Project object */;
}
